// !$*UTF8*$!
{
	archiveVersion = 1;
	classes = {
	};
	objectVersion = 46;
	objects = {

/* Begin PBXBuildFile section */
		6C8764421A21B07C0006A7DA /* HTAppDelegate.swift in Sources */ = {isa = PBXBuildFile; fileRef = 6C8764411A21B07C0006A7DA /* HTAppDelegate.swift */; };
		6C8764441A21B07C0006A7DA /* MasterViewController.swift in Sources */ = {isa = PBXBuildFile; fileRef = 6C8764431A21B07C0006A7DA /* MasterViewController.swift */; };
		6C8764461A21B07C0006A7DA /* DashboardViewController.swift in Sources */ = {isa = PBXBuildFile; fileRef = 6C8764451A21B07C0006A7DA /* DashboardViewController.swift */; };
		6C8764491A21B07C0006A7DA /* Main.storyboard in Resources */ = {isa = PBXBuildFile; fileRef = 6C8764471A21B07C0006A7DA /* Main.storyboard */; };
		6C87644B1A21B07C0006A7DA /* Images.xcassets in Resources */ = {isa = PBXBuildFile; fileRef = 6C87644A1A21B07C0006A7DA /* Images.xcassets */; };
		6C87644E1A21B07C0006A7DA /* LaunchScreen.xib in Resources */ = {isa = PBXBuildFile; fileRef = 6C87644C1A21B07C0006A7DA /* LaunchScreen.xib */; };
		6C87645A1A21B07C0006A7DA /* htapp_iOSTests.swift in Sources */ = {isa = PBXBuildFile; fileRef = 6C8764591A21B07C0006A7DA /* htapp_iOSTests.swift */; };
		6CCCA18F1A22A75300F823E7 /* HTLoginViewController.swift in Sources */ = {isa = PBXBuildFile; fileRef = 6CCCA18E1A22A75300F823E7 /* HTLoginViewController.swift */; };
		6CCCA1921A22A83000F823E7 /* String.swift in Sources */ = {isa = PBXBuildFile; fileRef = 6CCCA1911A22A83000F823E7 /* String.swift */; };
		6CCCA1971A2533EF00F823E7 /* ProfileViewController.swift in Sources */ = {isa = PBXBuildFile; fileRef = 6CCCA1961A2533EF00F823E7 /* ProfileViewController.swift */; };
		6CCCA19B1A254B5C00F823E7 /* ThreadingOperators.swift in Sources */ = {isa = PBXBuildFile; fileRef = 6CCCA19A1A254B5C00F823E7 /* ThreadingOperators.swift */; };
/* End PBXBuildFile section */

/* Begin PBXContainerItemProxy section */
		6C8764541A21B07C0006A7DA /* PBXContainerItemProxy */ = {
			isa = PBXContainerItemProxy;
			containerPortal = 6C8764341A21B07C0006A7DA /* Project object */;
			proxyType = 1;
			remoteGlobalIDString = 6C87643B1A21B07C0006A7DA;
			remoteInfo = htapp_iOS;
		};
/* End PBXContainerItemProxy section */

/* Begin PBXFileReference section */
		6C87643C1A21B07C0006A7DA /* htapp_iOS.app */ = {isa = PBXFileReference; explicitFileType = wrapper.application; includeInIndex = 0; path = htapp_iOS.app; sourceTree = BUILT_PRODUCTS_DIR; };
		6C8764401A21B07C0006A7DA /* Info.plist */ = {isa = PBXFileReference; lastKnownFileType = text.plist.xml; path = Info.plist; sourceTree = "<group>"; };
		6C8764411A21B07C0006A7DA /* HTAppDelegate.swift */ = {isa = PBXFileReference; lastKnownFileType = sourcecode.swift; path = HTAppDelegate.swift; sourceTree = "<group>"; };
		6C8764431A21B07C0006A7DA /* MasterViewController.swift */ = {isa = PBXFileReference; lastKnownFileType = sourcecode.swift; path = MasterViewController.swift; sourceTree = "<group>"; };
		6C8764451A21B07C0006A7DA /* DashboardViewController.swift */ = {isa = PBXFileReference; lastKnownFileType = sourcecode.swift; path = DashboardViewController.swift; sourceTree = "<group>"; };
		6C8764481A21B07C0006A7DA /* Base */ = {isa = PBXFileReference; lastKnownFileType = file.storyboard; name = Base; path = Base.lproj/Main.storyboard; sourceTree = "<group>"; };
		6C87644A1A21B07C0006A7DA /* Images.xcassets */ = {isa = PBXFileReference; lastKnownFileType = folder.assetcatalog; path = Images.xcassets; sourceTree = "<group>"; };
		6C87644D1A21B07C0006A7DA /* Base */ = {isa = PBXFileReference; lastKnownFileType = file.xib; name = Base; path = Base.lproj/LaunchScreen.xib; sourceTree = "<group>"; };
		6C8764531A21B07C0006A7DA /* htapp_iOSTests.xctest */ = {isa = PBXFileReference; explicitFileType = wrapper.cfbundle; includeInIndex = 0; path = htapp_iOSTests.xctest; sourceTree = BUILT_PRODUCTS_DIR; };
		6C8764581A21B07C0006A7DA /* Info.plist */ = {isa = PBXFileReference; lastKnownFileType = text.plist.xml; path = Info.plist; sourceTree = "<group>"; };
		6C8764591A21B07C0006A7DA /* htapp_iOSTests.swift */ = {isa = PBXFileReference; lastKnownFileType = sourcecode.swift; path = htapp_iOSTests.swift; sourceTree = "<group>"; };
		6CCCA18E1A22A75300F823E7 /* HTLoginViewController.swift */ = {isa = PBXFileReference; fileEncoding = 4; lastKnownFileType = sourcecode.swift; path = HTLoginViewController.swift; sourceTree = "<group>"; };
		6CCCA1911A22A83000F823E7 /* String.swift */ = {isa = PBXFileReference; fileEncoding = 4; lastKnownFileType = sourcecode.swift; path = String.swift; sourceTree = "<group>"; };
		6CCCA1931A22A94500F823E7 /* htapp_iOS-Bridging-Header.h */ = {isa = PBXFileReference; lastKnownFileType = sourcecode.c.h; path = "htapp_iOS-Bridging-Header.h"; sourceTree = "<group>"; };
		6CCCA1961A2533EF00F823E7 /* ProfileViewController.swift */ = {isa = PBXFileReference; fileEncoding = 4; lastKnownFileType = sourcecode.swift; path = ProfileViewController.swift; sourceTree = "<group>"; };
		6CCCA19A1A254B5C00F823E7 /* ThreadingOperators.swift */ = {isa = PBXFileReference; fileEncoding = 4; lastKnownFileType = sourcecode.swift; path = ThreadingOperators.swift; sourceTree = "<group>"; };
/* End PBXFileReference section */

/* Begin PBXFrameworksBuildPhase section */
		6C8764391A21B07C0006A7DA /* Frameworks */ = {
			isa = PBXFrameworksBuildPhase;
			buildActionMask = 2147483647;
			files = (
			);
			runOnlyForDeploymentPostprocessing = 0;
		};
		6C8764501A21B07C0006A7DA /* Frameworks */ = {
			isa = PBXFrameworksBuildPhase;
			buildActionMask = 2147483647;
			files = (
			);
			runOnlyForDeploymentPostprocessing = 0;
		};
/* End PBXFrameworksBuildPhase section */

/* Begin PBXGroup section */
		6C8764331A21B07C0006A7DA = {
			isa = PBXGroup;
			children = (
				6C87643E1A21B07C0006A7DA /* htapp_iOS */,
				6C8764561A21B07C0006A7DA /* htapp_iOSTests */,
				6C87643D1A21B07C0006A7DA /* Products */,
			);
			sourceTree = "<group>";
		};
		6C87643D1A21B07C0006A7DA /* Products */ = {
			isa = PBXGroup;
			children = (
				6C87643C1A21B07C0006A7DA /* htapp_iOS.app */,
				6C8764531A21B07C0006A7DA /* htapp_iOSTests.xctest */,
			);
			name = Products;
			sourceTree = "<group>";
		};
		6C87643E1A21B07C0006A7DA /* htapp_iOS */ = {
			isa = PBXGroup;
			children = (
				6C8764411A21B07C0006A7DA /* HTAppDelegate.swift */,
				6CCCA18E1A22A75300F823E7 /* HTLoginViewController.swift */,
				6C8764431A21B07C0006A7DA /* MasterViewController.swift */,
				6C8764451A21B07C0006A7DA /* DashboardViewController.swift */,
				6CCCA1961A2533EF00F823E7 /* ProfileViewController.swift */,
				6C8764471A21B07C0006A7DA /* Main.storyboard */,
				6C87644C1A21B07C0006A7DA /* LaunchScreen.xib */,
				6C87644A1A21B07C0006A7DA /* Images.xcassets */,
				6CCCA1901A22A80500F823E7 /* Swift Extensions */,
				6C87643F1A21B07C0006A7DA /* Supporting Files */,
			);
			path = htapp_iOS;
			sourceTree = "<group>";
		};
		6C87643F1A21B07C0006A7DA /* Supporting Files */ = {
			isa = PBXGroup;
			children = (
				6CCCA1931A22A94500F823E7 /* htapp_iOS-Bridging-Header.h */,
				6C8764401A21B07C0006A7DA /* Info.plist */,
			);
			name = "Supporting Files";
			sourceTree = "<group>";
		};
		6C8764561A21B07C0006A7DA /* htapp_iOSTests */ = {
			isa = PBXGroup;
			children = (
				6C8764591A21B07C0006A7DA /* htapp_iOSTests.swift */,
				6C8764571A21B07C0006A7DA /* Supporting Files */,
			);
			path = htapp_iOSTests;
			sourceTree = "<group>";
		};
		6C8764571A21B07C0006A7DA /* Supporting Files */ = {
			isa = PBXGroup;
			children = (
				6C8764581A21B07C0006A7DA /* Info.plist */,
			);
			name = "Supporting Files";
			sourceTree = "<group>";
		};
		6CCCA1901A22A80500F823E7 /* Swift Extensions */ = {
			isa = PBXGroup;
			children = (
				6CCCA1911A22A83000F823E7 /* String.swift */,
				6CCCA19A1A254B5C00F823E7 /* ThreadingOperators.swift */,
			);
			name = "Swift Extensions";
			sourceTree = "<group>";
		};
/* End PBXGroup section */

/* Begin PBXNativeTarget section */
		6C87643B1A21B07C0006A7DA /* htapp_iOS */ = {
			isa = PBXNativeTarget;
			buildConfigurationList = 6C87645D1A21B07C0006A7DA /* Build configuration list for PBXNativeTarget "htapp_iOS" */;
			buildPhases = (
				6C8764381A21B07C0006A7DA /* Sources */,
				6C8764391A21B07C0006A7DA /* Frameworks */,
				6C87643A1A21B07C0006A7DA /* Resources */,
			);
			buildRules = (
			);
			dependencies = (
			);
			name = htapp_iOS;
			productName = htapp_iOS;
			productReference = 6C87643C1A21B07C0006A7DA /* htapp_iOS.app */;
			productType = "com.apple.product-type.application";
		};
		6C8764521A21B07C0006A7DA /* htapp_iOSTests */ = {
			isa = PBXNativeTarget;
			buildConfigurationList = 6C8764601A21B07C0006A7DA /* Build configuration list for PBXNativeTarget "htapp_iOSTests" */;
			buildPhases = (
				6C87644F1A21B07C0006A7DA /* Sources */,
				6C8764501A21B07C0006A7DA /* Frameworks */,
				6C8764511A21B07C0006A7DA /* Resources */,
			);
			buildRules = (
			);
			dependencies = (
				6C8764551A21B07C0006A7DA /* PBXTargetDependency */,
			);
			name = htapp_iOSTests;
			productName = htapp_iOSTests;
			productReference = 6C8764531A21B07C0006A7DA /* htapp_iOSTests.xctest */;
			productType = "com.apple.product-type.bundle.unit-test";
		};
/* End PBXNativeTarget section */

/* Begin PBXProject section */
		6C8764341A21B07C0006A7DA /* Project object */ = {
			isa = PBXProject;
			attributes = {
				LastUpgradeCheck = 0610;
				ORGANIZATIONNAME = "Aoren Software";
				TargetAttributes = {
					6C87643B1A21B07C0006A7DA = {
						CreatedOnToolsVersion = 6.1;
					};
					6C8764521A21B07C0006A7DA = {
						CreatedOnToolsVersion = 6.1;
						TestTargetID = 6C87643B1A21B07C0006A7DA;
					};
				};
			};
			buildConfigurationList = 6C8764371A21B07C0006A7DA /* Build configuration list for PBXProject "htapp_iOS" */;
			compatibilityVersion = "Xcode 3.2";
			developmentRegion = English;
			hasScannedForEncodings = 0;
			knownRegions = (
				en,
				Base,
			);
			mainGroup = 6C8764331A21B07C0006A7DA;
			productRefGroup = 6C87643D1A21B07C0006A7DA /* Products */;
			projectDirPath = "";
			projectRoot = "";
			targets = (
				6C87643B1A21B07C0006A7DA /* htapp_iOS */,
				6C8764521A21B07C0006A7DA /* htapp_iOSTests */,
			);
		};
/* End PBXProject section */

/* Begin PBXResourcesBuildPhase section */
		6C87643A1A21B07C0006A7DA /* Resources */ = {
			isa = PBXResourcesBuildPhase;
			buildActionMask = 2147483647;
			files = (
				6C8764491A21B07C0006A7DA /* Main.storyboard in Resources */,
				6C87644E1A21B07C0006A7DA /* LaunchScreen.xib in Resources */,
				6C87644B1A21B07C0006A7DA /* Images.xcassets in Resources */,
			);
			runOnlyForDeploymentPostprocessing = 0;
		};
		6C8764511A21B07C0006A7DA /* Resources */ = {
			isa = PBXResourcesBuildPhase;
			buildActionMask = 2147483647;
			files = (
			);
			runOnlyForDeploymentPostprocessing = 0;
		};
/* End PBXResourcesBuildPhase section */

/* Begin PBXSourcesBuildPhase section */
		6C8764381A21B07C0006A7DA /* Sources */ = {
			isa = PBXSourcesBuildPhase;
			buildActionMask = 2147483647;
			files = (
				6CCCA1971A2533EF00F823E7 /* ProfileViewController.swift in Sources */,
				6C8764461A21B07C0006A7DA /* DashboardViewController.swift in Sources */,
				6CCCA19B1A254B5C00F823E7 /* ThreadingOperators.swift in Sources */,
				6C8764441A21B07C0006A7DA /* MasterViewController.swift in Sources */,
				6CCCA1921A22A83000F823E7 /* String.swift in Sources */,
				6CCCA18F1A22A75300F823E7 /* HTLoginViewController.swift in Sources */,
				6C8764421A21B07C0006A7DA /* HTAppDelegate.swift in Sources */,
			);
			runOnlyForDeploymentPostprocessing = 0;
		};
		6C87644F1A21B07C0006A7DA /* Sources */ = {
			isa = PBXSourcesBuildPhase;
			buildActionMask = 2147483647;
			files = (
				6C87645A1A21B07C0006A7DA /* htapp_iOSTests.swift in Sources */,
			);
			runOnlyForDeploymentPostprocessing = 0;
		};
/* End PBXSourcesBuildPhase section */

/* Begin PBXTargetDependency section */
		6C8764551A21B07C0006A7DA /* PBXTargetDependency */ = {
			isa = PBXTargetDependency;
			target = 6C87643B1A21B07C0006A7DA /* htapp_iOS */;
			targetProxy = 6C8764541A21B07C0006A7DA /* PBXContainerItemProxy */;
		};
/* End PBXTargetDependency section */

/* Begin PBXVariantGroup section */
		6C8764471A21B07C0006A7DA /* Main.storyboard */ = {
			isa = PBXVariantGroup;
			children = (
				6C8764481A21B07C0006A7DA /* Base */,
			);
			name = Main.storyboard;
			sourceTree = "<group>";
		};
		6C87644C1A21B07C0006A7DA /* LaunchScreen.xib */ = {
			isa = PBXVariantGroup;
			children = (
				6C87644D1A21B07C0006A7DA /* Base */,
			);
			name = LaunchScreen.xib;
			sourceTree = "<group>";
		};
/* End PBXVariantGroup section */

/* Begin XCBuildConfiguration section */
		6C87645B1A21B07C0006A7DA /* Debug */ = {
			isa = XCBuildConfiguration;
			buildSettings = {
				ALWAYS_SEARCH_USER_PATHS = NO;
				CLANG_CXX_LANGUAGE_STANDARD = "gnu++0x";
				CLANG_CXX_LIBRARY = "libc++";
				CLANG_ENABLE_MODULES = YES;
				CLANG_ENABLE_OBJC_ARC = YES;
				CLANG_WARN_BOOL_CONVERSION = YES;
				CLANG_WARN_CONSTANT_CONVERSION = YES;
				CLANG_WARN_DIRECT_OBJC_ISA_USAGE = YES_ERROR;
				CLANG_WARN_EMPTY_BODY = YES;
				CLANG_WARN_ENUM_CONVERSION = YES;
				CLANG_WARN_INT_CONVERSION = YES;
				CLANG_WARN_OBJC_ROOT_CLASS = YES_ERROR;
				CLANG_WARN_UNREACHABLE_CODE = YES;
				CLANG_WARN__DUPLICATE_METHOD_MATCH = YES;
				"CODE_SIGN_IDENTITY[sdk=iphoneos*]" = "iPhone Developer";
				COPY_PHASE_STRIP = NO;
				ENABLE_STRICT_OBJC_MSGSEND = YES;
				GCC_C_LANGUAGE_STANDARD = gnu99;
				GCC_DYNAMIC_NO_PIC = NO;
				GCC_OPTIMIZATION_LEVEL = 0;
				GCC_PREPROCESSOR_DEFINITIONS = (
					"DEBUG=1",
					"$(inherited)",
				);
				GCC_SYMBOLS_PRIVATE_EXTERN = NO;
				GCC_WARN_64_TO_32_BIT_CONVERSION = YES;
				GCC_WARN_ABOUT_RETURN_TYPE = YES_ERROR;
				GCC_WARN_UNDECLARED_SELECTOR = YES;
				GCC_WARN_UNINITIALIZED_AUTOS = YES_AGGRESSIVE;
				GCC_WARN_UNUSED_FUNCTION = YES;
				GCC_WARN_UNUSED_VARIABLE = YES;
				IPHONEOS_DEPLOYMENT_TARGET = 8.1;
				MTL_ENABLE_DEBUG_INFO = YES;
				ONLY_ACTIVE_ARCH = YES;
				SDKROOT = iphoneos;
				SWIFT_OPTIMIZATION_LEVEL = "-Onone";
				TARGETED_DEVICE_FAMILY = "1,2";
			};
			name = Debug;
		};
		6C87645C1A21B07C0006A7DA /* Release */ = {
			isa = XCBuildConfiguration;
			buildSettings = {
				ALWAYS_SEARCH_USER_PATHS = NO;
				CLANG_CXX_LANGUAGE_STANDARD = "gnu++0x";
				CLANG_CXX_LIBRARY = "libc++";
				CLANG_ENABLE_MODULES = YES;
				CLANG_ENABLE_OBJC_ARC = YES;
				CLANG_WARN_BOOL_CONVERSION = YES;
				CLANG_WARN_CONSTANT_CONVERSION = YES;
				CLANG_WARN_DIRECT_OBJC_ISA_USAGE = YES_ERROR;
				CLANG_WARN_EMPTY_BODY = YES;
				CLANG_WARN_ENUM_CONVERSION = YES;
				CLANG_WARN_INT_CONVERSION = YES;
				CLANG_WARN_OBJC_ROOT_CLASS = YES_ERROR;
				CLANG_WARN_UNREACHABLE_CODE = YES;
				CLANG_WARN__DUPLICATE_METHOD_MATCH = YES;
				"CODE_SIGN_IDENTITY[sdk=iphoneos*]" = "iPhone Developer";
				COPY_PHASE_STRIP = YES;
				ENABLE_NS_ASSERTIONS = NO;
				ENABLE_STRICT_OBJC_MSGSEND = YES;
				GCC_C_LANGUAGE_STANDARD = gnu99;
				GCC_WARN_64_TO_32_BIT_CONVERSION = YES;
				GCC_WARN_ABOUT_RETURN_TYPE = YES_ERROR;
				GCC_WARN_UNDECLARED_SELECTOR = YES;
				GCC_WARN_UNINITIALIZED_AUTOS = YES_AGGRESSIVE;
				GCC_WARN_UNUSED_FUNCTION = YES;
				GCC_WARN_UNUSED_VARIABLE = YES;
				IPHONEOS_DEPLOYMENT_TARGET = 8.1;
				MTL_ENABLE_DEBUG_INFO = NO;
				SDKROOT = iphoneos;
				TARGETED_DEVICE_FAMILY = "1,2";
				VALIDATE_PRODUCT = YES;
			};
			name = Release;
		};
		6C87645E1A21B07C0006A7DA /* Debug */ = {
			isa = XCBuildConfiguration;
			buildSettings = {
				ASSETCATALOG_COMPILER_APPICON_NAME = AppIcon;
				CLANG_ENABLE_MODULES = YES;
				INFOPLIST_FILE = htapp_iOS/Info.plist;
				LD_RUNPATH_SEARCH_PATHS = "$(inherited) @executable_path/Frameworks";
				PRODUCT_NAME = "$(TARGET_NAME)";
				SWIFT_OBJC_BRIDGING_HEADER = "htapp_iOS/htapp_iOS-Bridging-Header.h";
				SWIFT_OPTIMIZATION_LEVEL = "-Onone";
			};
			name = Debug;
		};
		6C87645F1A21B07C0006A7DA /* Release */ = {
			isa = XCBuildConfiguration;
			buildSettings = {
				ASSETCATALOG_COMPILER_APPICON_NAME = AppIcon;
				CLANG_ENABLE_MODULES = YES;
				INFOPLIST_FILE = htapp_iOS/Info.plist;
				LD_RUNPATH_SEARCH_PATHS = "$(inherited) @executable_path/Frameworks";
				PRODUCT_NAME = "$(TARGET_NAME)";
				SWIFT_OBJC_BRIDGING_HEADER = "htapp_iOS/htapp_iOS-Bridging-Header.h";
			};
			name = Release;
		};
		6C8764611A21B07C0006A7DA /* Debug */ = {
			isa = XCBuildConfiguration;
			buildSettings = {
				BUNDLE_LOADER = "$(TEST_HOST)";
				FRAMEWORK_SEARCH_PATHS = (
					"$(SDKROOT)/Developer/Library/Frameworks",
					"$(inherited)",
				);
				GCC_PREPROCESSOR_DEFINITIONS = (
					"DEBUG=1",
					"$(inherited)",
				);
				INFOPLIST_FILE = htapp_iOSTests/Info.plist;
				LD_RUNPATH_SEARCH_PATHS = "$(inherited) @executable_path/Frameworks @loader_path/Frameworks";
				PRODUCT_NAME = "$(TARGET_NAME)";
				TEST_HOST = "$(BUILT_PRODUCTS_DIR)/htapp_iOS.app/htapp_iOS";
			};
			name = Debug;
		};
		6C8764621A21B07C0006A7DA /* Release */ = {
			isa = XCBuildConfiguration;
			buildSettings = {
				BUNDLE_LOADER = "$(TEST_HOST)";
				FRAMEWORK_SEARCH_PATHS = (
					"$(SDKROOT)/Developer/Library/Frameworks",
					"$(inherited)",
				);
				INFOPLIST_FILE = htapp_iOSTests/Info.plist;
				LD_RUNPATH_SEARCH_PATHS = "$(inherited) @executable_path/Frameworks @loader_path/Frameworks";
				PRODUCT_NAME = "$(TARGET_NAME)";
				TEST_HOST = "$(BUILT_PRODUCTS_DIR)/htapp_iOS.app/htapp_iOS";
			};
			name = Release;
		};
/* End XCBuildConfiguration section */

/* Begin XCConfigurationList section */
		6C8764371A21B07C0006A7DA /* Build configuration list for PBXProject "htapp_iOS" */ = {
			isa = XCConfigurationList;
			buildConfigurations = (
				6C87645B1A21B07C0006A7DA /* Debug */,
				6C87645C1A21B07C0006A7DA /* Release */,
			);
			defaultConfigurationIsVisible = 0;
			defaultConfigurationName = Release;
		};
		6C87645D1A21B07C0006A7DA /* Build configuration list for PBXNativeTarget "htapp_iOS" */ = {
			isa = XCConfigurationList;
			buildConfigurations = (
				6C87645E1A21B07C0006A7DA /* Debug */,
				6C87645F1A21B07C0006A7DA /* Release */,
			);
			defaultConfigurationIsVisible = 0;
			defaultConfigurationName = Release;
		};
		6C8764601A21B07C0006A7DA /* Build configuration list for PBXNativeTarget "htapp_iOSTests" */ = {
			isa = XCConfigurationList;
			buildConfigurations = (
				6C8764611A21B07C0006A7DA /* Debug */,
				6C8764621A21B07C0006A7DA /* Release */,
			);
			defaultConfigurationIsVisible = 0;
			defaultConfigurationName = Release;
		};
/* End XCConfigurationList section */
	};
	rootObject = 6C8764341A21B07C0006A7DA /* Project object */;
}
